
Microsoft Visual Studio Solution File, Format Version 12.00
# Visual Studio 15
Project("{FAE04EC0-301F-11D3-BF4B-00C04F79EFBC}") = "Ders1", "Ders1\Ders1.csproj", "{90C05CEA-FF42-4748-975A-41CAC45F25AF}"
EndProject
Global
	GlobalSection(SolutionConfigurationPlatforms) = preSolution
		Debug|Any CPU = Debug|Any CPU
		Release|Any CPU = Release|Any CPU
	EndGlobalSection
	GlobalSection(ProjectConfigurationPlatforms) = postSolution
		{90C05CEA-FF42-4748-975A-41CAC45F25AF}.Debug|Any CPU.ActiveCfg = Debug|Any CPU
		{90C05CEA-FF42-4748-975A-41CAC45F25AF}.Debug|Any CPU.Build.0 = Debug|Any CPU
		{90C05CEA-FF42-4748-975A-41CAC45F25AF}.Release|Any CPU.ActiveCfg = Release|Any CPU
		{90C05CEA-FF42-4748-975A-41CAC45F25AF}.Release|Any CPU.Build.0 = Release|Any CPU
	EndGlobalSection
EndGlobal
